// !$*UTF8*$!
{
	archiveVersion = 1;
	classes = {
	};
	objectVersion = 50;
	objects = {

/* Begin PBXBuildFile section */
		C42D915022A7F79C0083D157 /* AppDelegate.swift in Sources */ = {isa = PBXBuildFile; fileRef = C42D914F22A7F79C0083D157 /* AppDelegate.swift */; };
		C42D915222A7F79C0083D157 /* SceneDelegate.swift in Sources */ = {isa = PBXBuildFile; fileRef = C42D915122A7F79C0083D157 /* SceneDelegate.swift */; };
		C42D915622A7F79E0083D157 /* Assets.xcassets in Resources */ = {isa = PBXBuildFile; fileRef = C42D915522A7F79E0083D157 /* Assets.xcassets */; };
		C42D915922A7F79E0083D157 /* Preview Assets.xcassets in Resources */ = {isa = PBXBuildFile; fileRef = C42D915822A7F79E0083D157 /* Preview Assets.xcassets */; };
		C42D915C22A7F79E0083D157 /* LaunchScreen.storyboard in Resources */ = {isa = PBXBuildFile; fileRef = C42D915A22A7F79E0083D157 /* LaunchScreen.storyboard */; };
		C42D916722A7F79E0083D157 /* TechExecutivesTests.swift in Sources */ = {isa = PBXBuildFile; fileRef = C42D916622A7F79E0083D157 /* TechExecutivesTests.swift */; };
		C42D917522A8012B0083D157 /* RootView.swift in Sources */ = {isa = PBXBuildFile; fileRef = C42D917422A8012B0083D157 /* RootView.swift */; };
		C42D917722A802C10083D157 /* DetailView.swift in Sources */ = {isa = PBXBuildFile; fileRef = C42D917622A802C10083D157 /* DetailView.swift */; };
		C42D917D22A810CD0083D157 /* Executive.swift in Sources */ = {isa = PBXBuildFile; fileRef = C42D917C22A810CD0083D157 /* Executive.swift */; };
		C42D917F22A811DA0083D157 /* dummy.json in Resources */ = {isa = PBXBuildFile; fileRef = C42D917E22A811DA0083D157 /* dummy.json */; };
		C42D918A22A8E6900083D157 /* ItemContainer.swift in Sources */ = {isa = PBXBuildFile; fileRef = C42D918922A8E6900083D157 /* ItemContainer.swift */; };
		C42D918C22A8E6F80083D157 /* ItemRowView.swift in Sources */ = {isa = PBXBuildFile; fileRef = C42D918B22A8E6F80083D157 /* ItemRowView.swift */; };
/* End PBXBuildFile section */

/* Begin PBXContainerItemProxy section */
		C42D916322A7F79E0083D157 /* PBXContainerItemProxy */ = {
			isa = PBXContainerItemProxy;
			containerPortal = C42D914422A7F79C0083D157 /* Project object */;
			proxyType = 1;
			remoteGlobalIDString = C42D914B22A7F79C0083D157;
			remoteInfo = TechExecutives;
		};
/* End PBXContainerItemProxy section */

/* Begin PBXFileReference section */
		C42D914C22A7F79C0083D157 /* TechExecutives.app */ = {isa = PBXFileReference; explicitFileType = wrapper.application; includeInIndex = 0; path = TechExecutives.app; sourceTree = BUILT_PRODUCTS_DIR; };
		C42D914F22A7F79C0083D157 /* AppDelegate.swift */ = {isa = PBXFileReference; lastKnownFileType = sourcecode.swift; path = AppDelegate.swift; sourceTree = "<group>"; };
		C42D915122A7F79C0083D157 /* SceneDelegate.swift */ = {isa = PBXFileReference; lastKnownFileType = sourcecode.swift; path = SceneDelegate.swift; sourceTree = "<group>"; };
		C42D915522A7F79E0083D157 /* Assets.xcassets */ = {isa = PBXFileReference; lastKnownFileType = folder.assetcatalog; path = Assets.xcassets; sourceTree = "<group>"; };
		C42D915822A7F79E0083D157 /* Preview Assets.xcassets */ = {isa = PBXFileReference; lastKnownFileType = folder.assetcatalog; path = "Preview Assets.xcassets"; sourceTree = "<group>"; };
		C42D915B22A7F79E0083D157 /* Base */ = {isa = PBXFileReference; lastKnownFileType = file.storyboard; name = Base; path = Base.lproj/LaunchScreen.storyboard; sourceTree = "<group>"; };
		C42D915D22A7F79E0083D157 /* Info.plist */ = {isa = PBXFileReference; lastKnownFileType = text.plist.xml; path = Info.plist; sourceTree = "<group>"; };
		C42D916222A7F79E0083D157 /* TechExecutivesTests.xctest */ = {isa = PBXFileReference; explicitFileType = wrapper.cfbundle; includeInIndex = 0; path = TechExecutivesTests.xctest; sourceTree = BUILT_PRODUCTS_DIR; };
		C42D916622A7F79E0083D157 /* TechExecutivesTests.swift */ = {isa = PBXFileReference; lastKnownFileType = sourcecode.swift; path = TechExecutivesTests.swift; sourceTree = "<group>"; };
		C42D916822A7F79E0083D157 /* Info.plist */ = {isa = PBXFileReference; lastKnownFileType = text.plist.xml; path = Info.plist; sourceTree = "<group>"; };
		C42D917422A8012B0083D157 /* RootView.swift */ = {isa = PBXFileReference; lastKnownFileType = sourcecode.swift; path = RootView.swift; sourceTree = "<group>"; };
		C42D917622A802C10083D157 /* DetailView.swift */ = {isa = PBXFileReference; lastKnownFileType = sourcecode.swift; path = DetailView.swift; sourceTree = "<group>"; };
		C42D917C22A810CD0083D157 /* Executive.swift */ = {isa = PBXFileReference; lastKnownFileType = sourcecode.swift; path = Executive.swift; sourceTree = "<group>"; };
		C42D917E22A811DA0083D157 /* dummy.json */ = {isa = PBXFileReference; fileEncoding = 4; lastKnownFileType = text.json; path = dummy.json; sourceTree = SOURCE_ROOT; };
		C42D918922A8E6900083D157 /* ItemContainer.swift */ = {isa = PBXFileReference; lastKnownFileType = sourcecode.swift; path = ItemContainer.swift; sourceTree = "<group>"; };
		C42D918B22A8E6F80083D157 /* ItemRowView.swift */ = {isa = PBXFileReference; lastKnownFileType = sourcecode.swift; path = ItemRowView.swift; sourceTree = "<group>"; };
/* End PBXFileReference section */

/* Begin PBXFrameworksBuildPhase section */
		C42D914922A7F79C0083D157 /* Frameworks */ = {
			isa = PBXFrameworksBuildPhase;
			buildActionMask = 2147483647;
			files = (
			);
			runOnlyForDeploymentPostprocessing = 0;
		};
		C42D915F22A7F79E0083D157 /* Frameworks */ = {
			isa = PBXFrameworksBuildPhase;
			buildActionMask = 2147483647;
			files = (
			);
			runOnlyForDeploymentPostprocessing = 0;
		};
/* End PBXFrameworksBuildPhase section */

/* Begin PBXGroup section */
		C42D914322A7F79C0083D157 = {
			isa = PBXGroup;
			children = (
				C42D914E22A7F79C0083D157 /* TechExecutives */,
				C42D916522A7F79E0083D157 /* TechExecutivesTests */,
				C42D914D22A7F79C0083D157 /* Products */,
			);
			sourceTree = "<group>";
		};
		C42D914D22A7F79C0083D157 /* Products */ = {
			isa = PBXGroup;
			children = (
				C42D914C22A7F79C0083D157 /* TechExecutives.app */,
				C42D916222A7F79E0083D157 /* TechExecutivesTests.xctest */,
			);
			name = Products;
			sourceTree = "<group>";
		};
		C42D914E22A7F79C0083D157 /* TechExecutives */ = {
			isa = PBXGroup;
			children = (
				C42D914F22A7F79C0083D157 /* AppDelegate.swift */,
				C42D915122A7F79C0083D157 /* SceneDelegate.swift */,
				C42D917322A8010A0083D157 /* Views */,
				C42D917B22A810940083D157 /* Entities */,
				C42D915522A7F79E0083D157 /* Assets.xcassets */,
				C42D915A22A7F79E0083D157 /* LaunchScreen.storyboard */,
				C42D915D22A7F79E0083D157 /* Info.plist */,
				C42D917E22A811DA0083D157 /* dummy.json */,
				C42D915722A7F79E0083D157 /* Preview Content */,
			);
			path = TechExecutives;
			sourceTree = "<group>";
		};
		C42D915722A7F79E0083D157 /* Preview Content */ = {
			isa = PBXGroup;
			children = (
				C42D915822A7F79E0083D157 /* Preview Assets.xcassets */,
			);
			path = "Preview Content";
			sourceTree = "<group>";
		};
		C42D916522A7F79E0083D157 /* TechExecutivesTests */ = {
			isa = PBXGroup;
			children = (
				C42D916622A7F79E0083D157 /* TechExecutivesTests.swift */,
				C42D916822A7F79E0083D157 /* Info.plist */,
			);
			path = TechExecutivesTests;
			sourceTree = "<group>";
		};
		C42D917322A8010A0083D157 /* Views */ = {
			isa = PBXGroup;
			children = (
				C42D917422A8012B0083D157 /* RootView.swift */,
				C42D917622A802C10083D157 /* DetailView.swift */,
				C42D918B22A8E6F80083D157 /* ItemRowView.swift */,
			);
			path = Views;
			sourceTree = "<group>";
		};
		C42D917B22A810940083D157 /* Entities */ = {
			isa = PBXGroup;
			children = (
				C42D918922A8E6900083D157 /* ItemContainer.swift */,
				C42D917C22A810CD0083D157 /* Executive.swift */,
			);
			path = Entities;
			sourceTree = "<group>";
		};
/* End PBXGroup section */

/* Begin PBXNativeTarget section */
		C42D914B22A7F79C0083D157 /* TechExecutives */ = {
			isa = PBXNativeTarget;
			buildConfigurationList = C42D916B22A7F79E0083D157 /* Build configuration list for PBXNativeTarget "TechExecutives" */;
			buildPhases = (
				C42D914822A7F79C0083D157 /* Sources */,
				C42D914922A7F79C0083D157 /* Frameworks */,
				C42D914A22A7F79C0083D157 /* Resources */,
			);
			buildRules = (
			);
			dependencies = (
			);
			name = TechExecutives;
			productName = TechExecutives;
			productReference = C42D914C22A7F79C0083D157 /* TechExecutives.app */;
			productType = "com.apple.product-type.application";
		};
		C42D916122A7F79E0083D157 /* TechExecutivesTests */ = {
			isa = PBXNativeTarget;
			buildConfigurationList = C42D916E22A7F79E0083D157 /* Build configuration list for PBXNativeTarget "TechExecutivesTests" */;
			buildPhases = (
				C42D915E22A7F79E0083D157 /* Sources */,
				C42D915F22A7F79E0083D157 /* Frameworks */,
				C42D916022A7F79E0083D157 /* Resources */,
			);
			buildRules = (
			);
			dependencies = (
				C42D916422A7F79E0083D157 /* PBXTargetDependency */,
			);
			name = TechExecutivesTests;
			productName = TechExecutivesTests;
			productReference = C42D916222A7F79E0083D157 /* TechExecutivesTests.xctest */;
			productType = "com.apple.product-type.bundle.unit-test";
		};
/* End PBXNativeTarget section */

/* Begin PBXProject section */
		C42D914422A7F79C0083D157 /* Project object */ = {
			isa = PBXProject;
			attributes = {
				LastSwiftUpdateCheck = 1100;
				LastUpgradeCheck = 1100;
				ORGANIZATIONNAME = "Bob Godwin Obi";
				TargetAttributes = {
					C42D914B22A7F79C0083D157 = {
						CreatedOnToolsVersion = 11.0;
					};
					C42D916122A7F79E0083D157 = {
						CreatedOnToolsVersion = 11.0;
						TestTargetID = C42D914B22A7F79C0083D157;
					};
				};
			};
			buildConfigurationList = C42D914722A7F79C0083D157 /* Build configuration list for PBXProject "TechExecutives" */;
			compatibilityVersion = "Xcode 9.3";
			developmentRegion = en;
			hasScannedForEncodings = 0;
			knownRegions = (
				en,
				Base,
			);
			mainGroup = C42D914322A7F79C0083D157;
			productRefGroup = C42D914D22A7F79C0083D157 /* Products */;
			projectDirPath = "";
			projectRoot = "";
			targets = (
				C42D914B22A7F79C0083D157 /* TechExecutives */,
				C42D916122A7F79E0083D157 /* TechExecutivesTests */,
			);
		};
/* End PBXProject section */

/* Begin PBXResourcesBuildPhase section */
		C42D914A22A7F79C0083D157 /* Resources */ = {
			isa = PBXResourcesBuildPhase;
			buildActionMask = 2147483647;
			files = (
				C42D915C22A7F79E0083D157 /* LaunchScreen.storyboard in Resources */,
				C42D915922A7F79E0083D157 /* Preview Assets.xcassets in Resources */,
				C42D917F22A811DA0083D157 /* dummy.json in Resources */,
				C42D915622A7F79E0083D157 /* Assets.xcassets in Resources */,
			);
			runOnlyForDeploymentPostprocessing = 0;
		};
		C42D916022A7F79E0083D157 /* Resources */ = {
			isa = PBXResourcesBuildPhase;
			buildActionMask = 2147483647;
			files = (
			);
			runOnlyForDeploymentPostprocessing = 0;
		};
/* End PBXResourcesBuildPhase section */

/* Begin PBXSourcesBuildPhase section */
		C42D914822A7F79C0083D157 /* Sources */ = {
			isa = PBXSourcesBuildPhase;
			buildActionMask = 2147483647;
			files = (
				C42D918C22A8E6F80083D157 /* ItemRowView.swift in Sources */,
				C42D915022A7F79C0083D157 /* AppDelegate.swift in Sources */,
				C42D917722A802C10083D157 /* DetailView.swift in Sources */,
				C42D918A22A8E6900083D157 /* ItemContainer.swift in Sources */,
				C42D917D22A810CD0083D157 /* Executive.swift in Sources */,
				C42D915222A7F79C0083D157 /* SceneDelegate.swift in Sources */,
				C42D917522A8012B0083D157 /* RootView.swift in Sources */,
			);
			runOnlyForDeploymentPostprocessing = 0;
		};
		C42D915E22A7F79E0083D157 /* Sources */ = {
			isa = PBXSourcesBuildPhase;
			buildActionMask = 2147483647;
			files = (
				C42D916722A7F79E0083D157 /* TechExecutivesTests.swift in Sources */,
			);
			runOnlyForDeploymentPostprocessing = 0;
		};
/* End PBXSourcesBuildPhase section */

/* Begin PBXTargetDependency section */
		C42D916422A7F79E0083D157 /* PBXTargetDependency */ = {
			isa = PBXTargetDependency;
			target = C42D914B22A7F79C0083D157 /* TechExecutives */;
			targetProxy = C42D916322A7F79E0083D157 /* PBXContainerItemProxy */;
		};
/* End PBXTargetDependency section */

/* Begin PBXVariantGroup section */
		C42D915A22A7F79E0083D157 /* LaunchScreen.storyboard */ = {
			isa = PBXVariantGroup;
			children = (
				C42D915B22A7F79E0083D157 /* Base */,
			);
			name = LaunchScreen.storyboard;
			sourceTree = "<group>";
		};
/* End PBXVariantGroup section */

/* Begin XCBuildConfiguration section */
		C42D916922A7F79E0083D157 /* Debug */ = {
			isa = XCBuildConfiguration;
			buildSettings = {
				ALWAYS_SEARCH_USER_PATHS = NO;
				CLANG_ANALYZER_NONNULL = YES;
				CLANG_ANALYZER_NUMBER_OBJECT_CONVERSION = YES_AGGRESSIVE;
				CLANG_CXX_LANGUAGE_STANDARD = "gnu++14";
				CLANG_CXX_LIBRARY = "libc++";
				CLANG_ENABLE_MODULES = YES;
				CLANG_ENABLE_OBJC_ARC = YES;
				CLANG_ENABLE_OBJC_WEAK = YES;
				CLANG_WARN_BLOCK_CAPTURE_AUTORELEASING = YES;
				CLANG_WARN_BOOL_CONVERSION = YES;
				CLANG_WARN_COMMA = YES;
				CLANG_WARN_CONSTANT_CONVERSION = YES;
				CLANG_WARN_DEPRECATED_OBJC_IMPLEMENTATIONS = YES;
				CLANG_WARN_DIRECT_OBJC_ISA_USAGE = YES_ERROR;
				CLANG_WARN_DOCUMENTATION_COMMENTS = YES;
				CLANG_WARN_EMPTY_BODY = YES;
				CLANG_WARN_ENUM_CONVERSION = YES;
				CLANG_WARN_INFINITE_RECURSION = YES;
				CLANG_WARN_INT_CONVERSION = YES;
				CLANG_WARN_NON_LITERAL_NULL_CONVERSION = YES;
				CLANG_WARN_OBJC_IMPLICIT_RETAIN_SELF = YES;
				CLANG_WARN_OBJC_LITERAL_CONVERSION = YES;
				CLANG_WARN_OBJC_ROOT_CLASS = YES_ERROR;
				CLANG_WARN_RANGE_LOOP_ANALYSIS = YES;
				CLANG_WARN_STRICT_PROTOTYPES = YES;
				CLANG_WARN_SUSPICIOUS_MOVE = YES;
				CLANG_WARN_UNGUARDED_AVAILABILITY = YES_AGGRESSIVE;
				CLANG_WARN_UNREACHABLE_CODE = YES;
				CLANG_WARN__DUPLICATE_METHOD_MATCH = YES;
				COPY_PHASE_STRIP = NO;
				DEBUG_INFORMATION_FORMAT = dwarf;
				ENABLE_STRICT_OBJC_MSGSEND = YES;
				ENABLE_TESTABILITY = YES;
				GCC_C_LANGUAGE_STANDARD = gnu11;
				GCC_DYNAMIC_NO_PIC = NO;
				GCC_NO_COMMON_BLOCKS = YES;
				GCC_OPTIMIZATION_LEVEL = 0;
				GCC_PREPROCESSOR_DEFINITIONS = (
					"DEBUG=1",
					"$(inherited)",
				);
				GCC_WARN_64_TO_32_BIT_CONVERSION = YES;
				GCC_WARN_ABOUT_RETURN_TYPE = YES_ERROR;
				GCC_WARN_UNDECLARED_SELECTOR = YES;
				GCC_WARN_UNINITIALIZED_AUTOS = YES_AGGRESSIVE;
				GCC_WARN_UNUSED_FUNCTION = YES;
				GCC_WARN_UNUSED_VARIABLE = YES;
				IPHONEOS_DEPLOYMENT_TARGET = 13.0;
				MTL_ENABLE_DEBUG_INFO = INCLUDE_SOURCE;
				MTL_FAST_MATH = YES;
				ONLY_ACTIVE_ARCH = YES;
				SDKROOT = iphoneos;
				SWIFT_ACTIVE_COMPILATION_CONDITIONS = DEBUG;
				SWIFT_OPTIMIZATION_LEVEL = "-Onone";
			};
			name = Debug;
		};
		C42D916A22A7F79E0083D157 /* Release */ = {
			isa = XCBuildConfiguration;
			buildSettings = {
				ALWAYS_SEARCH_USER_PATHS = NO;
				CLANG_ANALYZER_NONNULL = YES;
				CLANG_ANALYZER_NUMBER_OBJECT_CONVERSION = YES_AGGRESSIVE;
				CLANG_CXX_LANGUAGE_STANDARD = "gnu++14";
				CLANG_CXX_LIBRARY = "libc++";
				CLANG_ENABLE_MODULES = YES;
				CLANG_ENABLE_OBJC_ARC = YES;
				CLANG_ENABLE_OBJC_WEAK = YES;
				CLANG_WARN_BLOCK_CAPTURE_AUTORELEASING = YES;
				CLANG_WARN_BOOL_CONVERSION = YES;
				CLANG_WARN_COMMA = YES;
				CLANG_WARN_CONSTANT_CONVERSION = YES;
				CLANG_WARN_DEPRECATED_OBJC_IMPLEMENTATIONS = YES;
				CLANG_WARN_DIRECT_OBJC_ISA_USAGE = YES_ERROR;
				CLANG_WARN_DOCUMENTATION_COMMENTS = YES;
				CLANG_WARN_EMPTY_BODY = YES;
				CLANG_WARN_ENUM_CONVERSION = YES;
				CLANG_WARN_INFINITE_RECURSION = YES;
				CLANG_WARN_INT_CONVERSION = YES;
				CLANG_WARN_NON_LITERAL_NULL_CONVERSION = YES;
				CLANG_WARN_OBJC_IMPLICIT_RETAIN_SELF = YES;
				CLANG_WARN_OBJC_LITERAL_CONVERSION = YES;
				CLANG_WARN_OBJC_ROOT_CLASS = YES_ERROR;
				CLANG_WARN_RANGE_LOOP_ANALYSIS = YES;
				CLANG_WARN_STRICT_PROTOTYPES = YES;
				CLANG_WARN_SUSPICIOUS_MOVE = YES;
				CLANG_WARN_UNGUARDED_AVAILABILITY = YES_AGGRESSIVE;
				CLANG_WARN_UNREACHABLE_CODE = YES;
				CLANG_WARN__DUPLICATE_METHOD_MATCH = YES;
				COPY_PHASE_STRIP = NO;
				DEBUG_INFORMATION_FORMAT = "dwarf-with-dsym";
				ENABLE_NS_ASSERTIONS = NO;
				ENABLE_STRICT_OBJC_MSGSEND = YES;
				GCC_C_LANGUAGE_STANDARD = gnu11;
				GCC_NO_COMMON_BLOCKS = YES;
				GCC_WARN_64_TO_32_BIT_CONVERSION = YES;
				GCC_WARN_ABOUT_RETURN_TYPE = YES_ERROR;
				GCC_WARN_UNDECLARED_SELECTOR = YES;
				GCC_WARN_UNINITIALIZED_AUTOS = YES_AGGRESSIVE;
				GCC_WARN_UNUSED_FUNCTION = YES;
				GCC_WARN_UNUSED_VARIABLE = YES;
				IPHONEOS_DEPLOYMENT_TARGET = 13.0;
				MTL_ENABLE_DEBUG_INFO = NO;
				MTL_FAST_MATH = YES;
				SDKROOT = iphoneos;
				SWIFT_COMPILATION_MODE = wholemodule;
				SWIFT_OPTIMIZATION_LEVEL = "-O";
				VALIDATE_PRODUCT = YES;
			};
			name = Release;
		};
		C42D916C22A7F79E0083D157 /* Debug */ = {
			isa = XCBuildConfiguration;
			buildSettings = {
				ASSETCATALOG_COMPILER_APPICON_NAME = AppIcon;
				CODE_SIGN_STYLE = Automatic;
				DEVELOPMENT_ASSET_PATHS = "TechExecutives/Preview\\ Content";
				ENABLE_PREVIEWS = YES;
				INFOPLIST_FILE = TechExecutives/Info.plist;
				LD_RUNPATH_SEARCH_PATHS = (
					"$(inherited)",
					"@executable_path/Frameworks",
				);
				PRODUCT_BUNDLE_IDENTIFIER = bobgodwinx.TechExecutives;
				PRODUCT_NAME = "$(TARGET_NAME)";
				SWIFT_VERSION = 5.0;
				TARGETED_DEVICE_FAMILY = "1,2";
			};
			name = Debug;
		};
		C42D916D22A7F79E0083D157 /* Release */ = {
			isa = XCBuildConfiguration;
			buildSettings = {
				ASSETCATALOG_COMPILER_APPICON_NAME = AppIcon;
				CODE_SIGN_STYLE = Automatic;
				DEVELOPMENT_ASSET_PATHS = "TechExecutives/Preview\\ Content";
				ENABLE_PREVIEWS = YES;
				INFOPLIST_FILE = TechExecutives/Info.plist;
				LD_RUNPATH_SEARCH_PATHS = (
					"$(inherited)",
					"@executable_path/Frameworks",
				);
				PRODUCT_BUNDLE_IDENTIFIER = bobgodwinx.TechExecutives;
				PRODUCT_NAME = "$(TARGET_NAME)";
				SWIFT_VERSION = 5.0;
				TARGETED_DEVICE_FAMILY = "1,2";
			};
			name = Release;
		};
		C42D916F22A7F79E0083D157 /* Debug */ = {
			isa = XCBuildConfiguration;
			buildSettings = {
				ALWAYS_EMBED_SWIFT_STANDARD_LIBRARIES = YES;
				BUNDLE_LOADER = "$(TEST_HOST)";
				CODE_SIGN_STYLE = Automatic;
				INFOPLIST_FILE = TechExecutivesTests/Info.plist;
				LD_RUNPATH_SEARCH_PATHS = (
					"$(inherited)",
					"@executable_path/Frameworks",
					"@loader_path/Frameworks",
				);
				PRODUCT_BUNDLE_IDENTIFIER = bobgodwinx.TechExecutivesTests;
				PRODUCT_NAME = "$(TARGET_NAME)";
				SWIFT_VERSION = 5.0;
				TARGETED_DEVICE_FAMILY = "1,2";
				TEST_HOST = "$(BUILT_PRODUCTS_DIR)/TechExecutives.app/TechExecutives";
			};
			name = Debug;
		};
		C42D917022A7F79E0083D157 /* Release */ = {
			isa = XCBuildConfiguration;
			buildSettings = {
				ALWAYS_EMBED_SWIFT_STANDARD_LIBRARIES = YES;
				BUNDLE_LOADER = "$(TEST_HOST)";
				CODE_SIGN_STYLE = Automatic;
				INFOPLIST_FILE = TechExecutivesTests/Info.plist;
				LD_RUNPATH_SEARCH_PATHS = (
					"$(inherited)",
					"@executable_path/Frameworks",
					"@loader_path/Frameworks",
				);
				PRODUCT_BUNDLE_IDENTIFIER = bobgodwinx.TechExecutivesTests;
				PRODUCT_NAME = "$(TARGET_NAME)";
				SWIFT_VERSION = 5.0;
				TARGETED_DEVICE_FAMILY = "1,2";
				TEST_HOST = "$(BUILT_PRODUCTS_DIR)/TechExecutives.app/TechExecutives";
			};
			name = Release;
		};
/* End XCBuildConfiguration section */

/* Begin XCConfigurationList section */
		C42D914722A7F79C0083D157 /* Build configuration list for PBXProject "TechExecutives" */ = {
			isa = XCConfigurationList;
			buildConfigurations = (
				C42D916922A7F79E0083D157 /* Debug */,
				C42D916A22A7F79E0083D157 /* Release */,
			);
			defaultConfigurationIsVisible = 0;
			defaultConfigurationName = Release;
		};
		C42D916B22A7F79E0083D157 /* Build configuration list for PBXNativeTarget "TechExecutives" */ = {
			isa = XCConfigurationList;
			buildConfigurations = (
				C42D916C22A7F79E0083D157 /* Debug */,
				C42D916D22A7F79E0083D157 /* Release */,
			);
			defaultConfigurationIsVisible = 0;
			defaultConfigurationName = Release;
		};
		C42D916E22A7F79E0083D157 /* Build configuration list for PBXNativeTarget "TechExecutivesTests" */ = {
			isa = XCConfigurationList;
			buildConfigurations = (
				C42D916F22A7F79E0083D157 /* Debug */,
				C42D917022A7F79E0083D157 /* Release */,
			);
			defaultConfigurationIsVisible = 0;
			defaultConfigurationName = Release;
		};
/* End XCConfigurationList section */
	};
	rootObject = C42D914422A7F79C0083D157 /* Project object */;
}
